// !$*UTF8*$!
{
	archiveVersion = 1;
	classes = {
	};
	objectVersion = 46;
	objects = {

/* Begin PBXBuildFile section */
		0B7267AD0B131786E5AECF68 /* Pods.framework in Frameworks */ = {isa = PBXBuildFile; fileRef = 56AFB699A6FAFAA709355B0F /* Pods.framework */; settings = {ATTRIBUTES = (Weak, ); }; };
		12BD93697E01129983AFBD73 /* (null) in Frameworks */ = {isa = PBXBuildFile; settings = {ATTRIBUTES = (Weak, ); }; };
		5598ED891B556E10005FF945 /* CalendarViewController.swift in Sources */ = {isa = PBXBuildFile; fileRef = 5598ED881B556E10005FF945 /* CalendarViewController.swift */; };
		5598ED8D1B557048005FF945 /* FooterMenuView.swift in Sources */ = {isa = PBXBuildFile; fileRef = 5598ED8C1B557048005FF945 /* FooterMenuView.swift */; };
		5598ED8F1B557051005FF945 /* HeaderMenuView.swift in Sources */ = {isa = PBXBuildFile; fileRef = 5598ED8E1B557051005FF945 /* HeaderMenuView.swift */; };
		5598ED971B55739E005FF945 /* CalendarHeaderView.swift in Sources */ = {isa = PBXBuildFile; fileRef = 5598ED951B55739E005FF945 /* CalendarHeaderView.swift */; };
		5598ED981B55739E005FF945 /* CalendarHeaderView.xib in Resources */ = {isa = PBXBuildFile; fileRef = 5598ED961B55739E005FF945 /* CalendarHeaderView.xib */; };
		5598ED9C1B557478005FF945 /* CalendarLayout.swift in Sources */ = {isa = PBXBuildFile; fileRef = 5598ED9B1B557478005FF945 /* CalendarLayout.swift */; };
		5598ED9E1B5574AD005FF945 /* CalendarEvent.swift in Sources */ = {isa = PBXBuildFile; fileRef = 5598ED9D1B5574AD005FF945 /* CalendarEvent.swift */; };
		5598EDA41B557998005FF945 /* CalendarEventCell.swift in Sources */ = {isa = PBXBuildFile; fileRef = 5598EDA31B557998005FF945 /* CalendarEventCell.swift */; };
		5598EDA61B557A5E005FF945 /* CalendarEventCell.xib in Resources */ = {isa = PBXBuildFile; fileRef = 5598EDA51B557A5E005FF945 /* CalendarEventCell.xib */; };
		55C055C51B5E6A9400617B62 /* InsertViewController.swift in Sources */ = {isa = PBXBuildFile; fileRef = 55C055C41B5E6A9400617B62 /* InsertViewController.swift */; };
		55DC01601B4BF37D00E8E037 /* AppDelegate.swift in Sources */ = {isa = PBXBuildFile; fileRef = 55DC015F1B4BF37D00E8E037 /* AppDelegate.swift */; };
		55DC01631B4BF37D00E8E037 /* StaffManager.xcdatamodeld in Sources */ = {isa = PBXBuildFile; fileRef = 55DC01611B4BF37D00E8E037 /* StaffManager.xcdatamodeld */; };
		55DC01651B4BF37D00E8E037 /* ViewController.swift in Sources */ = {isa = PBXBuildFile; fileRef = 55DC01641B4BF37D00E8E037 /* ViewController.swift */; };
		55DC01681B4BF37D00E8E037 /* Main.storyboard in Resources */ = {isa = PBXBuildFile; fileRef = 55DC01661B4BF37D00E8E037 /* Main.storyboard */; };
		55DC016A1B4BF37D00E8E037 /* Images.xcassets in Resources */ = {isa = PBXBuildFile; fileRef = 55DC01691B4BF37D00E8E037 /* Images.xcassets */; };
		55DC016D1B4BF37D00E8E037 /* LaunchScreen.xib in Resources */ = {isa = PBXBuildFile; fileRef = 55DC016B1B4BF37D00E8E037 /* LaunchScreen.xib */; };
		55DC01791B4BF37D00E8E037 /* StaffManagerTests.swift in Sources */ = {isa = PBXBuildFile; fileRef = 55DC01781B4BF37D00E8E037 /* StaffManagerTests.swift */; };
		55DC01831B4BFF1800E8E037 /* newCustomSegue.swift in Sources */ = {isa = PBXBuildFile; fileRef = 55DC01821B4BFF1800E8E037 /* newCustomSegue.swift */; };
		55DC01851B4C044400E8E037 /* LoginViewController.swift in Sources */ = {isa = PBXBuildFile; fileRef = 55DC01841B4C044400E8E037 /* LoginViewController.swift */; };
		55EBBE981B56832600E79C92 /* StatusCollectionViewController.swift in Sources */ = {isa = PBXBuildFile; fileRef = 55EBBE971B56832600E79C92 /* StatusCollectionViewController.swift */; };
		55EBBE9A1B56835800E79C92 /* MapsViewController.swift in Sources */ = {isa = PBXBuildFile; fileRef = 55EBBE991B56835800E79C92 /* MapsViewController.swift */; };
		8E34EA5A1B584D3200716768 /* InfoPlist.strings in Resources */ = {isa = PBXBuildFile; fileRef = 8E34EA5C1B584D3200716768 /* InfoPlist.strings */; };
		8E34EA5F1B584D3300716768 /* Localizable.strings in Resources */ = {isa = PBXBuildFile; fileRef = 8E34EA611B584D3300716768 /* Localizable.strings */; };
		C4C7A1A91B56BFFB00B6C677 /* CollectionMenuCell.swift in Sources */ = {isa = PBXBuildFile; fileRef = C4C7A1A81B56BFFB00B6C677 /* CollectionMenuCell.swift */; };
		C4D8AA4C1B4C490500C2E248 /* CredenciamentoViewController.swift in Sources */ = {isa = PBXBuildFile; fileRef = C4D8AA4B1B4C490500C2E248 /* CredenciamentoViewController.swift */; };
		C4D8AA4E1B4C4AA000C2E248 /* Participante.swift in Sources */ = {isa = PBXBuildFile; fileRef = C4D8AA4D1B4C4AA000C2E248 /* Participante.swift */; };
		C4D8AA511B4C4ADF00C2E248 /* DataBaseManager.swift in Sources */ = {isa = PBXBuildFile; fileRef = C4D8AA501B4C4ADF00C2E248 /* DataBaseManager.swift */; };
		C4D8AA561B4C5D5A00C2E248 /* ParticipanteDAO.swift in Sources */ = {isa = PBXBuildFile; fileRef = C4D8AA551B4C5D5A00C2E248 /* ParticipanteDAO.swift */; };
		C4D8AA5A1B4C602400C2E248 /* ParticipanteServices.swift in Sources */ = {isa = PBXBuildFile; fileRef = C4D8AA591B4C602400C2E248 /* ParticipanteServices.swift */; };
		C4D8AA8A1B541D4700C2E248 /* ParticipantListViewController.swift in Sources */ = {isa = PBXBuildFile; fileRef = C4D8AA891B541D4700C2E248 /* ParticipantListViewController.swift */; };
		C4D8AA9E1B5450A400C2E248 /* CollectionMenuViewController.swift in Sources */ = {isa = PBXBuildFile; fileRef = C4D8AA9D1B5450A400C2E248 /* CollectionMenuViewController.swift */; };
/* End PBXBuildFile section */

/* Begin PBXContainerItemProxy section */
		55DC01731B4BF37D00E8E037 /* PBXContainerItemProxy */ = {
			isa = PBXContainerItemProxy;
			containerPortal = 55DC01521B4BF37D00E8E037 /* Project object */;
			proxyType = 1;
			remoteGlobalIDString = 55DC01591B4BF37D00E8E037;
			remoteInfo = StaffManager;
		};
/* End PBXContainerItemProxy section */

/* Begin PBXFileReference section */
		314198B6A86247A6DC5A8214 /* Pods.release.xcconfig */ = {isa = PBXFileReference; includeInIndex = 1; lastKnownFileType = text.xcconfig; name = Pods.release.xcconfig; path = "Pods/Target Support Files/Pods/Pods.release.xcconfig"; sourceTree = "<group>"; };
		5598ED881B556E10005FF945 /* CalendarViewController.swift */ = {isa = PBXFileReference; fileEncoding = 4; lastKnownFileType = sourcecode.swift; path = CalendarViewController.swift; sourceTree = "<group>"; };
		5598ED8C1B557048005FF945 /* FooterMenuView.swift */ = {isa = PBXFileReference; fileEncoding = 4; lastKnownFileType = sourcecode.swift; path = FooterMenuView.swift; sourceTree = "<group>"; };
		5598ED8E1B557051005FF945 /* HeaderMenuView.swift */ = {isa = PBXFileReference; fileEncoding = 4; lastKnownFileType = sourcecode.swift; path = HeaderMenuView.swift; sourceTree = "<group>"; };
		5598ED951B55739E005FF945 /* CalendarHeaderView.swift */ = {isa = PBXFileReference; fileEncoding = 4; lastKnownFileType = sourcecode.swift; name = CalendarHeaderView.swift; path = Calendar/CalendarHeaderView.swift; sourceTree = "<group>"; };
		5598ED961B55739E005FF945 /* CalendarHeaderView.xib */ = {isa = PBXFileReference; fileEncoding = 4; lastKnownFileType = file.xib; name = CalendarHeaderView.xib; path = Calendar/CalendarHeaderView.xib; sourceTree = "<group>"; };
		5598ED9B1B557478005FF945 /* CalendarLayout.swift */ = {isa = PBXFileReference; fileEncoding = 4; lastKnownFileType = sourcecode.swift; name = CalendarLayout.swift; path = Calendar/CalendarLayout.swift; sourceTree = "<group>"; };
		5598ED9D1B5574AD005FF945 /* CalendarEvent.swift */ = {isa = PBXFileReference; fileEncoding = 4; lastKnownFileType = sourcecode.swift; name = CalendarEvent.swift; path = Calendar/CalendarEvent.swift; sourceTree = "<group>"; };
		5598EDA31B557998005FF945 /* CalendarEventCell.swift */ = {isa = PBXFileReference; fileEncoding = 4; lastKnownFileType = sourcecode.swift; name = CalendarEventCell.swift; path = Calendar/CalendarEventCell.swift; sourceTree = "<group>"; };
		5598EDA51B557A5E005FF945 /* CalendarEventCell.xib */ = {isa = PBXFileReference; fileEncoding = 4; lastKnownFileType = file.xib; path = CalendarEventCell.xib; sourceTree = "<group>"; };
		55C055C41B5E6A9400617B62 /* InsertViewController.swift */ = {isa = PBXFileReference; fileEncoding = 4; lastKnownFileType = sourcecode.swift; path = InsertViewController.swift; sourceTree = "<group>"; };
		55C97E971B5D6E96002877DD /* es */ = {isa = PBXFileReference; lastKnownFileType = text.plist.strings; name = es; path = es.lproj/Main.strings; sourceTree = "<group>"; };
		55C97E981B5D6E96002877DD /* es */ = {isa = PBXFileReference; lastKnownFileType = text.plist.strings; name = es; path = es.lproj/LaunchScreen.strings; sourceTree = "<group>"; };
		55C97E991B5D6E96002877DD /* es */ = {isa = PBXFileReference; lastKnownFileType = text.plist.strings; name = es; path = es.lproj/Localizable.strings; sourceTree = "<group>"; };
		55C97E9A1B5D6E96002877DD /* es */ = {isa = PBXFileReference; lastKnownFileType = text.plist.xml; name = es; path = es.lproj/Info.plist; sourceTree = "<group>"; };
		55C97E9B1B5D6E96002877DD /* es */ = {isa = PBXFileReference; lastKnownFileType = text.plist.strings; name = es; path = es.lproj/InfoPlist.strings; sourceTree = "<group>"; };
		55D8D5401B59285200A785B5 /* en */ = {isa = PBXFileReference; lastKnownFileType = text.plist.strings; name = en; path = en.lproj/LaunchScreen.strings; sourceTree = "<group>"; };
		55DC015A1B4BF37D00E8E037 /* StaffManager.app */ = {isa = PBXFileReference; explicitFileType = wrapper.application; includeInIndex = 0; path = StaffManager.app; sourceTree = BUILT_PRODUCTS_DIR; };
		55DC015F1B4BF37D00E8E037 /* AppDelegate.swift */ = {isa = PBXFileReference; lastKnownFileType = sourcecode.swift; path = AppDelegate.swift; sourceTree = "<group>"; };
		55DC01621B4BF37D00E8E037 /* StaffManager.xcdatamodel */ = {isa = PBXFileReference; lastKnownFileType = wrapper.xcdatamodel; path = StaffManager.xcdatamodel; sourceTree = "<group>"; };
		55DC01641B4BF37D00E8E037 /* ViewController.swift */ = {isa = PBXFileReference; lastKnownFileType = sourcecode.swift; path = ViewController.swift; sourceTree = "<group>"; };
		55DC01671B4BF37D00E8E037 /* Base */ = {isa = PBXFileReference; lastKnownFileType = file.storyboard; name = Base; path = Base.lproj/Main.storyboard; sourceTree = "<group>"; };
		55DC01691B4BF37D00E8E037 /* Images.xcassets */ = {isa = PBXFileReference; lastKnownFileType = folder.assetcatalog; path = Images.xcassets; sourceTree = "<group>"; };
		55DC016C1B4BF37D00E8E037 /* Base */ = {isa = PBXFileReference; lastKnownFileType = file.xib; name = Base; path = Base.lproj/LaunchScreen.xib; sourceTree = "<group>"; };
		55DC01721B4BF37D00E8E037 /* StaffManagerTests.xctest */ = {isa = PBXFileReference; explicitFileType = wrapper.cfbundle; includeInIndex = 0; path = StaffManagerTests.xctest; sourceTree = BUILT_PRODUCTS_DIR; };
		55DC01771B4BF37D00E8E037 /* Info.plist */ = {isa = PBXFileReference; lastKnownFileType = text.plist.xml; path = Info.plist; sourceTree = "<group>"; };
		55DC01781B4BF37D00E8E037 /* StaffManagerTests.swift */ = {isa = PBXFileReference; lastKnownFileType = sourcecode.swift; path = StaffManagerTests.swift; sourceTree = "<group>"; };
		55DC01821B4BFF1800E8E037 /* newCustomSegue.swift */ = {isa = PBXFileReference; fileEncoding = 4; lastKnownFileType = sourcecode.swift; path = newCustomSegue.swift; sourceTree = "<group>"; };
		55DC01841B4C044400E8E037 /* LoginViewController.swift */ = {isa = PBXFileReference; fileEncoding = 4; lastKnownFileType = sourcecode.swift; path = LoginViewController.swift; sourceTree = "<group>"; };
		55EBBE971B56832600E79C92 /* StatusCollectionViewController.swift */ = {isa = PBXFileReference; fileEncoding = 4; lastKnownFileType = sourcecode.swift; path = StatusCollectionViewController.swift; sourceTree = "<group>"; };
		55EBBE991B56835800E79C92 /* MapsViewController.swift */ = {isa = PBXFileReference; fileEncoding = 4; lastKnownFileType = sourcecode.swift; path = MapsViewController.swift; sourceTree = "<group>"; };
		56AFB699A6FAFAA709355B0F /* Pods.framework */ = {isa = PBXFileReference; explicitFileType = wrapper.framework; includeInIndex = 0; path = Pods.framework; sourceTree = BUILT_PRODUCTS_DIR; };
		62BE16C211108D8BF7D3DF71 /* Pods.debug.xcconfig */ = {isa = PBXFileReference; includeInIndex = 1; lastKnownFileType = text.xcconfig; name = Pods.debug.xcconfig; path = "Pods/Target Support Files/Pods/Pods.debug.xcconfig"; sourceTree = "<group>"; };
		8E34EA4C1B583A1900716768 /* pt */ = {isa = PBXFileReference; lastKnownFileType = text.plist.strings; name = pt; path = pt.lproj/Main.strings; sourceTree = "<group>"; };
		8E34EA4D1B583A1900716768 /* pt */ = {isa = PBXFileReference; lastKnownFileType = text.plist.strings; name = pt; path = pt.lproj/LaunchScreen.strings; sourceTree = "<group>"; };
		8E34EA571B58443800716768 /* Base */ = {isa = PBXFileReference; lastKnownFileType = text.plist.xml; name = Base; path = Base.lproj/Info.plist; sourceTree = "<group>"; };
		8E34EA5B1B584D3200716768 /* pt */ = {isa = PBXFileReference; lastKnownFileType = text.plist.strings; name = pt; path = pt.lproj/InfoPlist.strings; sourceTree = "<group>"; };
		8E34EA601B584D3300716768 /* pt */ = {isa = PBXFileReference; lastKnownFileType = text.plist.strings; name = pt; path = pt.lproj/Localizable.strings; sourceTree = "<group>"; };
		C4C7A1A81B56BFFB00B6C677 /* CollectionMenuCell.swift */ = {isa = PBXFileReference; fileEncoding = 4; lastKnownFileType = sourcecode.swift; path = CollectionMenuCell.swift; sourceTree = "<group>"; };
		C4D8AA4B1B4C490500C2E248 /* CredenciamentoViewController.swift */ = {isa = PBXFileReference; fileEncoding = 4; lastKnownFileType = sourcecode.swift; path = CredenciamentoViewController.swift; sourceTree = "<group>"; };
		C4D8AA4D1B4C4AA000C2E248 /* Participante.swift */ = {isa = PBXFileReference; fileEncoding = 4; lastKnownFileType = sourcecode.swift; name = Participante.swift; path = VO/Participante.swift; sourceTree = "<group>"; };
		C4D8AA501B4C4ADF00C2E248 /* DataBaseManager.swift */ = {isa = PBXFileReference; fileEncoding = 4; lastKnownFileType = sourcecode.swift; path = DataBaseManager.swift; sourceTree = "<group>"; };
		C4D8AA551B4C5D5A00C2E248 /* ParticipanteDAO.swift */ = {isa = PBXFileReference; fileEncoding = 4; lastKnownFileType = sourcecode.swift; path = ParticipanteDAO.swift; sourceTree = "<group>"; };
		C4D8AA591B4C602400C2E248 /* ParticipanteServices.swift */ = {isa = PBXFileReference; fileEncoding = 4; lastKnownFileType = sourcecode.swift; path = ParticipanteServices.swift; sourceTree = "<group>"; };
		C4D8AA891B541D4700C2E248 /* ParticipantListViewController.swift */ = {isa = PBXFileReference; fileEncoding = 4; lastKnownFileType = sourcecode.swift; path = ParticipantListViewController.swift; sourceTree = "<group>"; };
		C4D8AA9D1B5450A400C2E248 /* CollectionMenuViewController.swift */ = {isa = PBXFileReference; fileEncoding = 4; lastKnownFileType = sourcecode.swift; path = CollectionMenuViewController.swift; sourceTree = "<group>"; };
/* End PBXFileReference section */

/* Begin PBXFrameworksBuildPhase section */
		55DC01571B4BF37D00E8E037 /* Frameworks */ = {
			isa = PBXFrameworksBuildPhase;
			buildActionMask = 2147483647;
			files = (
				12BD93697E01129983AFBD73 /* (null) in Frameworks */,
				0B7267AD0B131786E5AECF68 /* Pods.framework in Frameworks */,
			);
			runOnlyForDeploymentPostprocessing = 0;
		};
		55DC016F1B4BF37D00E8E037 /* Frameworks */ = {
			isa = PBXFrameworksBuildPhase;
			buildActionMask = 2147483647;
			files = (
			);
			runOnlyForDeploymentPostprocessing = 0;
		};
/* End PBXFrameworksBuildPhase section */

/* Begin PBXGroup section */
		0FED559E31881BED11036252 /* Pods */ = {
			isa = PBXGroup;
			children = (
				62BE16C211108D8BF7D3DF71 /* Pods.debug.xcconfig */,
				314198B6A86247A6DC5A8214 /* Pods.release.xcconfig */,
			);
			name = Pods;
			sourceTree = "<group>";
		};
		5598ED901B5572AE005FF945 /* Calendar */ = {
			isa = PBXGroup;
			children = (
				5598ED881B556E10005FF945 /* CalendarViewController.swift */,
				5598EDA51B557A5E005FF945 /* CalendarEventCell.xib */,
				5598ED951B55739E005FF945 /* CalendarHeaderView.swift */,
				5598ED961B55739E005FF945 /* CalendarHeaderView.xib */,
				5598ED9B1B557478005FF945 /* CalendarLayout.swift */,
				5598ED9D1B5574AD005FF945 /* CalendarEvent.swift */,
				5598EDA31B557998005FF945 /* CalendarEventCell.swift */,
				55C055C41B5E6A9400617B62 /* InsertViewController.swift */,
			);
			name = Calendar;
			sourceTree = "<group>";
		};
		55DC01511B4BF37D00E8E037 = {
			isa = PBXGroup;
			children = (
				8E34EA611B584D3300716768 /* Localizable.strings */,
				55DC015C1B4BF37D00E8E037 /* StaffManager */,
				55DC01751B4BF37D00E8E037 /* StaffManagerTests */,
				55DC015B1B4BF37D00E8E037 /* Products */,
				0FED559E31881BED11036252 /* Pods */,
				9E60941D9788D33188D68D18 /* Frameworks */,
			);
			sourceTree = "<group>";
		};
		55DC015B1B4BF37D00E8E037 /* Products */ = {
			isa = PBXGroup;
			children = (
				55DC015A1B4BF37D00E8E037 /* StaffManager.app */,
				55DC01721B4BF37D00E8E037 /* StaffManagerTests.xctest */,
			);
			name = Products;
			sourceTree = "<group>";
		};
		55DC015C1B4BF37D00E8E037 /* StaffManager */ = {
			isa = PBXGroup;
			children = (
				C4D8AA581B4C5FC200C2E248 /* Services */,
				C4D8AA521B4C4B3500C2E248 /* Persistence */,
				C4D8AA541B4C5AA800C2E248 /* View */,
				C4D8AA531B4C4BA800C2E248 /* Controller */,
				55DC015F1B4BF37D00E8E037 /* AppDelegate.swift */,
				55DC01821B4BFF1800E8E037 /* newCustomSegue.swift */,
				55DC01691B4BF37D00E8E037 /* Images.xcassets */,
				55DC016B1B4BF37D00E8E037 /* LaunchScreen.xib */,
				55DC01611B4BF37D00E8E037 /* StaffManager.xcdatamodeld */,
				55DC015D1B4BF37D00E8E037 /* Supporting Files */,
			);
			path = StaffManager;
			sourceTree = "<group>";
		};
		55DC015D1B4BF37D00E8E037 /* Supporting Files */ = {
			isa = PBXGroup;
			children = (
				8E34EA541B5843FB00716768 /* Info.plist */,
			);
			name = "Supporting Files";
			sourceTree = "<group>";
		};
		55DC01751B4BF37D00E8E037 /* StaffManagerTests */ = {
			isa = PBXGroup;
			children = (
				55DC01781B4BF37D00E8E037 /* StaffManagerTests.swift */,
				55DC01761B4BF37D00E8E037 /* Supporting Files */,
			);
			path = StaffManagerTests;
			sourceTree = "<group>";
		};
		55DC01761B4BF37D00E8E037 /* Supporting Files */ = {
			isa = PBXGroup;
			children = (
				8E34EA5C1B584D3200716768 /* InfoPlist.strings */,
				55DC01771B4BF37D00E8E037 /* Info.plist */,
			);
			name = "Supporting Files";
			sourceTree = "<group>";
		};
		9E60941D9788D33188D68D18 /* Frameworks */ = {
			isa = PBXGroup;
			children = (
				56AFB699A6FAFAA709355B0F /* Pods.framework */,
			);
			name = Frameworks;
			sourceTree = "<group>";
		};
		C4D8AA4F1B4C4AAE00C2E248 /* VO */ = {
			isa = PBXGroup;
			children = (
				C4D8AA4D1B4C4AA000C2E248 /* Participante.swift */,
			);
			name = VO;
			sourceTree = "<group>";
		};
		C4D8AA521B4C4B3500C2E248 /* Persistence */ = {
			isa = PBXGroup;
			children = (
				C4D8AA571B4C5D6400C2E248 /* DAO */,
				C4D8AA4F1B4C4AAE00C2E248 /* VO */,
				C4D8AA501B4C4ADF00C2E248 /* DataBaseManager.swift */,
			);
			name = Persistence;
			sourceTree = "<group>";
		};
		C4D8AA531B4C4BA800C2E248 /* Controller */ = {
			isa = PBXGroup;
			children = (
				55EBBE991B56835800E79C92 /* MapsViewController.swift */,
				C4D8AA9D1B5450A400C2E248 /* CollectionMenuViewController.swift */,
				55DC01641B4BF37D00E8E037 /* ViewController.swift */,
				55DC01841B4C044400E8E037 /* LoginViewController.swift */,
				C4D8AA4B1B4C490500C2E248 /* CredenciamentoViewController.swift */,
				C4D8AA891B541D4700C2E248 /* ParticipantListViewController.swift */,
				55EBBE971B56832600E79C92 /* StatusCollectionViewController.swift */,
				5598ED901B5572AE005FF945 /* Calendar */,
			);
			name = Controller;
			sourceTree = "<group>";
		};
		C4D8AA541B4C5AA800C2E248 /* View */ = {
			isa = PBXGroup;
			children = (
				5598ED8E1B557051005FF945 /* HeaderMenuView.swift */,
				5598ED8C1B557048005FF945 /* FooterMenuView.swift */,
				C4C7A1A81B56BFFB00B6C677 /* CollectionMenuCell.swift */,
				55DC01661B4BF37D00E8E037 /* Main.storyboard */,
			);
			name = View;
			sourceTree = "<group>";
		};
		C4D8AA571B4C5D6400C2E248 /* DAO */ = {
			isa = PBXGroup;
			children = (
				C4D8AA551B4C5D5A00C2E248 /* ParticipanteDAO.swift */,
			);
			name = DAO;
			sourceTree = "<group>";
		};
		C4D8AA581B4C5FC200C2E248 /* Services */ = {
			isa = PBXGroup;
			children = (
				C4D8AA591B4C602400C2E248 /* ParticipanteServices.swift */,
			);
			name = Services;
			sourceTree = "<group>";
		};
/* End PBXGroup section */

/* Begin PBXNativeTarget section */
		55DC01591B4BF37D00E8E037 /* StaffManager */ = {
			isa = PBXNativeTarget;
			buildConfigurationList = 55DC017C1B4BF37D00E8E037 /* Build configuration list for PBXNativeTarget "StaffManager" */;
			buildPhases = (
				505EDB43F0CF075D55AF9250 /* Check Pods Manifest.lock */,
				55DC01561B4BF37D00E8E037 /* Sources */,
				55DC01571B4BF37D00E8E037 /* Frameworks */,
				55DC01581B4BF37D00E8E037 /* Resources */,
				25615BE2113F48E45E489980 /* Embed Pods Frameworks */,
				F18169F26C4FD363A716C25C /* Copy Pods Resources */,
			);
			buildRules = (
			);
			dependencies = (
			);
			name = StaffManager;
			productName = StaffManager;
			productReference = 55DC015A1B4BF37D00E8E037 /* StaffManager.app */;
			productType = "com.apple.product-type.application";
		};
		55DC01711B4BF37D00E8E037 /* StaffManagerTests */ = {
			isa = PBXNativeTarget;
			buildConfigurationList = 55DC017F1B4BF37D00E8E037 /* Build configuration list for PBXNativeTarget "StaffManagerTests" */;
			buildPhases = (
				55DC016E1B4BF37D00E8E037 /* Sources */,
				55DC016F1B4BF37D00E8E037 /* Frameworks */,
				55DC01701B4BF37D00E8E037 /* Resources */,
			);
			buildRules = (
			);
			dependencies = (
				55DC01741B4BF37D00E8E037 /* PBXTargetDependency */,
			);
			name = StaffManagerTests;
			productName = StaffManagerTests;
			productReference = 55DC01721B4BF37D00E8E037 /* StaffManagerTests.xctest */;
			productType = "com.apple.product-type.bundle.unit-test";
		};
/* End PBXNativeTarget section */

/* Begin PBXProject section */
		55DC01521B4BF37D00E8E037 /* Project object */ = {
			isa = PBXProject;
			attributes = {
				LastUpgradeCheck = 0640;
				ORGANIZATIONNAME = "Davi Rodrigues";
				TargetAttributes = {
					55DC01591B4BF37D00E8E037 = {
						CreatedOnToolsVersion = 6.4;
					};
					55DC01711B4BF37D00E8E037 = {
						CreatedOnToolsVersion = 6.4;
						TestTargetID = 55DC01591B4BF37D00E8E037;
					};
				};
			};
			buildConfigurationList = 55DC01551B4BF37D00E8E037 /* Build configuration list for PBXProject "StaffManager" */;
			compatibilityVersion = "Xcode 3.2";
			developmentRegion = English;
			hasScannedForEncodings = 0;
			knownRegions = (
				en,
				Base,
				es,
			);
			mainGroup = 55DC01511B4BF37D00E8E037;
			productRefGroup = 55DC015B1B4BF37D00E8E037 /* Products */;
			projectDirPath = "";
			projectRoot = "";
			targets = (
				55DC01591B4BF37D00E8E037 /* StaffManager */,
				55DC01711B4BF37D00E8E037 /* StaffManagerTests */,
			);
		};
/* End PBXProject section */

/* Begin PBXResourcesBuildPhase section */
		55DC01581B4BF37D00E8E037 /* Resources */ = {
			isa = PBXResourcesBuildPhase;
			buildActionMask = 2147483647;
			files = (
				55DC01681B4BF37D00E8E037 /* Main.storyboard in Resources */,
				8E34EA5F1B584D3300716768 /* Localizable.strings in Resources */,
				5598EDA61B557A5E005FF945 /* CalendarEventCell.xib in Resources */,
				5598ED981B55739E005FF945 /* CalendarHeaderView.xib in Resources */,
				55DC016D1B4BF37D00E8E037 /* LaunchScreen.xib in Resources */,
				55DC016A1B4BF37D00E8E037 /* Images.xcassets in Resources */,
			);
			runOnlyForDeploymentPostprocessing = 0;
		};
		55DC01701B4BF37D00E8E037 /* Resources */ = {
			isa = PBXResourcesBuildPhase;
			buildActionMask = 2147483647;
			files = (
				8E34EA5A1B584D3200716768 /* InfoPlist.strings in Resources */,
			);
			runOnlyForDeploymentPostprocessing = 0;
		};
/* End PBXResourcesBuildPhase section */

/* Begin PBXShellScriptBuildPhase section */
		25615BE2113F48E45E489980 /* Embed Pods Frameworks */ = {
			isa = PBXShellScriptBuildPhase;
			buildActionMask = 2147483647;
			files = (
			);
			inputPaths = (
			);
			name = "Embed Pods Frameworks";
			outputPaths = (
			);
			runOnlyForDeploymentPostprocessing = 0;
			shellPath = /bin/sh;
			shellScript = "\"${SRCROOT}/Pods/Target Support Files/Pods/Pods-frameworks.sh\"\n";
			showEnvVarsInLog = 0;
		};
		505EDB43F0CF075D55AF9250 /* Check Pods Manifest.lock */ = {
			isa = PBXShellScriptBuildPhase;
			buildActionMask = 2147483647;
			files = (
			);
			inputPaths = (
			);
			name = "Check Pods Manifest.lock";
			outputPaths = (
			);
			runOnlyForDeploymentPostprocessing = 0;
			shellPath = /bin/sh;
			shellScript = "diff \"${PODS_ROOT}/../Podfile.lock\" \"${PODS_ROOT}/Manifest.lock\" > /dev/null\nif [[ $? != 0 ]] ; then\n    cat << EOM\nerror: The sandbox is not in sync with the Podfile.lock. Run 'pod install' or update your CocoaPods installation.\nEOM\n    exit 1\nfi\n";
			showEnvVarsInLog = 0;
		};
		F18169F26C4FD363A716C25C /* Copy Pods Resources */ = {
			isa = PBXShellScriptBuildPhase;
			buildActionMask = 2147483647;
			files = (
			);
			inputPaths = (
			);
			name = "Copy Pods Resources";
			outputPaths = (
			);
			runOnlyForDeploymentPostprocessing = 0;
			shellPath = /bin/sh;
			shellScript = "\"${SRCROOT}/Pods/Target Support Files/Pods/Pods-resources.sh\"\n";
			showEnvVarsInLog = 0;
		};
/* End PBXShellScriptBuildPhase section */

/* Begin PBXSourcesBuildPhase section */
		55DC01561B4BF37D00E8E037 /* Sources */ = {
			isa = PBXSourcesBuildPhase;
			buildActionMask = 2147483647;
			files = (
				5598ED9C1B557478005FF945 /* CalendarLayout.swift in Sources */,
				55EBBE981B56832600E79C92 /* StatusCollectionViewController.swift in Sources */,
				5598ED8D1B557048005FF945 /* FooterMenuView.swift in Sources */,
				5598ED971B55739E005FF945 /* CalendarHeaderView.swift in Sources */,
				C4C7A1A91B56BFFB00B6C677 /* CollectionMenuCell.swift in Sources */,
				5598ED891B556E10005FF945 /* CalendarViewController.swift in Sources */,
				C4D8AA561B4C5D5A00C2E248 /* ParticipanteDAO.swift in Sources */,
				C4D8AA511B4C4ADF00C2E248 /* DataBaseManager.swift in Sources */,
				55DC01651B4BF37D00E8E037 /* ViewController.swift in Sources */,
				C4D8AA8A1B541D4700C2E248 /* ParticipantListViewController.swift in Sources */,
				C4D8AA5A1B4C602400C2E248 /* ParticipanteServices.swift in Sources */,
				5598ED9E1B5574AD005FF945 /* CalendarEvent.swift in Sources */,
				5598EDA41B557998005FF945 /* CalendarEventCell.swift in Sources */,
				55DC01831B4BFF1800E8E037 /* newCustomSegue.swift in Sources */,
				55DC01631B4BF37D00E8E037 /* StaffManager.xcdatamodeld in Sources */,
				5598ED8F1B557051005FF945 /* HeaderMenuView.swift in Sources */,
				55DC01851B4C044400E8E037 /* LoginViewController.swift in Sources */,
				55C055C51B5E6A9400617B62 /* InsertViewController.swift in Sources */,
				C4D8AA4E1B4C4AA000C2E248 /* Participante.swift in Sources */,
				55DC01601B4BF37D00E8E037 /* AppDelegate.swift in Sources */,
				C4D8AA9E1B5450A400C2E248 /* CollectionMenuViewController.swift in Sources */,
				C4D8AA4C1B4C490500C2E248 /* CredenciamentoViewController.swift in Sources */,
				55EBBE9A1B56835800E79C92 /* MapsViewController.swift in Sources */,
			);
			runOnlyForDeploymentPostprocessing = 0;
		};
		55DC016E1B4BF37D00E8E037 /* Sources */ = {
			isa = PBXSourcesBuildPhase;
			buildActionMask = 2147483647;
			files = (
				55DC01791B4BF37D00E8E037 /* StaffManagerTests.swift in Sources */,
			);
			runOnlyForDeploymentPostprocessing = 0;
		};
/* End PBXSourcesBuildPhase section */

/* Begin PBXTargetDependency section */
		55DC01741B4BF37D00E8E037 /* PBXTargetDependency */ = {
			isa = PBXTargetDependency;
			target = 55DC01591B4BF37D00E8E037 /* StaffManager */;
			targetProxy = 55DC01731B4BF37D00E8E037 /* PBXContainerItemProxy */;
		};
/* End PBXTargetDependency section */

/* Begin PBXVariantGroup section */
		55DC01661B4BF37D00E8E037 /* Main.storyboard */ = {
			isa = PBXVariantGroup;
			children = (
				55DC01671B4BF37D00E8E037 /* Base */,
				8E34EA4C1B583A1900716768 /* pt */,
				55C97E971B5D6E96002877DD /* es */,
			);
			name = Main.storyboard;
			sourceTree = "<group>";
		};
		55DC016B1B4BF37D00E8E037 /* LaunchScreen.xib */ = {
			isa = PBXVariantGroup;
			children = (
				55DC016C1B4BF37D00E8E037 /* Base */,
				8E34EA4D1B583A1900716768 /* pt */,
				55D8D5401B59285200A785B5 /* en */,
				55C97E981B5D6E96002877DD /* es */,
			);
			name = LaunchScreen.xib;
			sourceTree = "<group>";
		};
		8E34EA541B5843FB00716768 /* Info.plist */ = {
			isa = PBXVariantGroup;
			children = (
				8E34EA571B58443800716768 /* Base */,
				55C97E9A1B5D6E96002877DD /* es */,
			);
			name = Info.plist;
			sourceTree = "<group>";
		};
		8E34EA5C1B584D3200716768 /* InfoPlist.strings */ = {
			isa = PBXVariantGroup;
			children = (
				8E34EA5B1B584D3200716768 /* pt */,
				55C97E9B1B5D6E96002877DD /* es */,
			);
			name = InfoPlist.strings;
			sourceTree = "<group>";
		};
		8E34EA611B584D3300716768 /* Localizable.strings */ = {
			isa = PBXVariantGroup;
			children = (
				8E34EA601B584D3300716768 /* pt */,
				55C97E991B5D6E96002877DD /* es */,
			);
			name = Localizable.strings;
			sourceTree = "<group>";
		};
/* End PBXVariantGroup section */

/* Begin XCBuildConfiguration section */
		55DC017A1B4BF37D00E8E037 /* Debug */ = {
			isa = XCBuildConfiguration;
			buildSettings = {
				ALWAYS_SEARCH_USER_PATHS = NO;
				CLANG_CXX_LANGUAGE_STANDARD = "gnu++0x";
				CLANG_CXX_LIBRARY = "libc++";
				CLANG_ENABLE_MODULES = YES;
				CLANG_ENABLE_OBJC_ARC = YES;
				CLANG_WARN_BOOL_CONVERSION = YES;
				CLANG_WARN_CONSTANT_CONVERSION = YES;
				CLANG_WARN_DIRECT_OBJC_ISA_USAGE = YES_ERROR;
				CLANG_WARN_EMPTY_BODY = YES;
				CLANG_WARN_ENUM_CONVERSION = YES;
				CLANG_WARN_INT_CONVERSION = YES;
				CLANG_WARN_OBJC_ROOT_CLASS = YES_ERROR;
				CLANG_WARN_UNREACHABLE_CODE = YES;
				CLANG_WARN__DUPLICATE_METHOD_MATCH = YES;
				"CODE_SIGN_IDENTITY[sdk=iphoneos*]" = "iPhone Developer";
				COPY_PHASE_STRIP = NO;
				DEBUG_INFORMATION_FORMAT = "dwarf-with-dsym";
				ENABLE_STRICT_OBJC_MSGSEND = YES;
				GCC_C_LANGUAGE_STANDARD = gnu99;
				GCC_DYNAMIC_NO_PIC = NO;
				GCC_NO_COMMON_BLOCKS = YES;
				GCC_OPTIMIZATION_LEVEL = 0;
				GCC_PREPROCESSOR_DEFINITIONS = (
					"DEBUG=1",
					"$(inherited)",
				);
				GCC_SYMBOLS_PRIVATE_EXTERN = NO;
				GCC_WARN_64_TO_32_BIT_CONVERSION = YES;
				GCC_WARN_ABOUT_RETURN_TYPE = YES_ERROR;
				GCC_WARN_UNDECLARED_SELECTOR = YES;
				GCC_WARN_UNINITIALIZED_AUTOS = YES_AGGRESSIVE;
				GCC_WARN_UNUSED_FUNCTION = YES;
				GCC_WARN_UNUSED_VARIABLE = YES;
				IPHONEOS_DEPLOYMENT_TARGET = 8.4;
				MTL_ENABLE_DEBUG_INFO = YES;
				ONLY_ACTIVE_ARCH = YES;
				SDKROOT = iphoneos;
				SWIFT_OPTIMIZATION_LEVEL = "-Onone";
			};
			name = Debug;
		};
		55DC017B1B4BF37D00E8E037 /* Release */ = {
			isa = XCBuildConfiguration;
			buildSettings = {
				ALWAYS_SEARCH_USER_PATHS = NO;
				CLANG_CXX_LANGUAGE_STANDARD = "gnu++0x";
				CLANG_CXX_LIBRARY = "libc++";
				CLANG_ENABLE_MODULES = YES;
				CLANG_ENABLE_OBJC_ARC = YES;
				CLANG_WARN_BOOL_CONVERSION = YES;
				CLANG_WARN_CONSTANT_CONVERSION = YES;
				CLANG_WARN_DIRECT_OBJC_ISA_USAGE = YES_ERROR;
				CLANG_WARN_EMPTY_BODY = YES;
				CLANG_WARN_ENUM_CONVERSION = YES;
				CLANG_WARN_INT_CONVERSION = YES;
				CLANG_WARN_OBJC_ROOT_CLASS = YES_ERROR;
				CLANG_WARN_UNREACHABLE_CODE = YES;
				CLANG_WARN__DUPLICATE_METHOD_MATCH = YES;
				"CODE_SIGN_IDENTITY[sdk=iphoneos*]" = "iPhone Developer";
				COPY_PHASE_STRIP = NO;
				DEBUG_INFORMATION_FORMAT = "dwarf-with-dsym";
				ENABLE_NS_ASSERTIONS = NO;
				ENABLE_STRICT_OBJC_MSGSEND = YES;
				GCC_C_LANGUAGE_STANDARD = gnu99;
				GCC_NO_COMMON_BLOCKS = YES;
				GCC_WARN_64_TO_32_BIT_CONVERSION = YES;
				GCC_WARN_ABOUT_RETURN_TYPE = YES_ERROR;
				GCC_WARN_UNDECLARED_SELECTOR = YES;
				GCC_WARN_UNINITIALIZED_AUTOS = YES_AGGRESSIVE;
				GCC_WARN_UNUSED_FUNCTION = YES;
				GCC_WARN_UNUSED_VARIABLE = YES;
				IPHONEOS_DEPLOYMENT_TARGET = 8.4;
				MTL_ENABLE_DEBUG_INFO = NO;
				SDKROOT = iphoneos;
				VALIDATE_PRODUCT = YES;
			};
			name = Release;
		};
		55DC017D1B4BF37D00E8E037 /* Debug */ = {
			isa = XCBuildConfiguration;
			baseConfigurationReference = 62BE16C211108D8BF7D3DF71 /* Pods.debug.xcconfig */;
			buildSettings = {
				ASSETCATALOG_COMPILER_APPICON_NAME = AppIcon;
				FRAMEWORK_SEARCH_PATHS = (
					"$(inherited)",
					"$(PROJECT_DIR)/Sapporo-fw",
				);
				INFOPLIST_FILE = "$(SRCROOT)/StaffManagerTests/Info.plist";
				LD_RUNPATH_SEARCH_PATHS = "$(inherited) @executable_path/Frameworks";
				PRODUCT_NAME = "$(TARGET_NAME)";
			};
			name = Debug;
		};
		55DC017E1B4BF37D00E8E037 /* Release */ = {
			isa = XCBuildConfiguration;
			baseConfigurationReference = 314198B6A86247A6DC5A8214 /* Pods.release.xcconfig */;
			buildSettings = {
				ASSETCATALOG_COMPILER_APPICON_NAME = AppIcon;
				FRAMEWORK_SEARCH_PATHS = (
					"$(inherited)",
					"$(PROJECT_DIR)/Sapporo-fw",
				);
				INFOPLIST_FILE = "$(SRCROOT)/StaffManagerTests/Info.plist";
				LD_RUNPATH_SEARCH_PATHS = "$(inherited) @executable_path/Frameworks";
				PRODUCT_NAME = "$(TARGET_NAME)";
			};
			name = Release;
		};
		55DC01801B4BF37D00E8E037 /* Debug */ = {
			isa = XCBuildConfiguration;
			buildSettings = {
				BUNDLE_LOADER = "$(TEST_HOST)";
				FRAMEWORK_SEARCH_PATHS = (
					"$(SDKROOT)/Developer/Library/Frameworks",
					"$(inherited)",
				);
				GCC_PREPROCESSOR_DEFINITIONS = (
					"DEBUG=1",
					"$(inherited)",
				);
				INFOPLIST_FILE = StaffManagerTests/Info.plist;
				LD_RUNPATH_SEARCH_PATHS = "$(inherited) @executable_path/Frameworks @loader_path/Frameworks";
				PRODUCT_NAME = "$(TARGET_NAME)";
				TEST_HOST = "$(BUILT_PRODUCTS_DIR)/StaffManager.app/StaffManager";
			};
			name = Debug;
		};
		55DC01811B4BF37D00E8E037 /* Release */ = {
			isa = XCBuildConfiguration;
			buildSettings = {
				BUNDLE_LOADER = "$(TEST_HOST)";
				FRAMEWORK_SEARCH_PATHS = (
					"$(SDKROOT)/Developer/Library/Frameworks",
					"$(inherited)",
				);
				INFOPLIST_FILE = StaffManagerTests/Info.plist;
				LD_RUNPATH_SEARCH_PATHS = "$(inherited) @executable_path/Frameworks @loader_path/Frameworks";
				PRODUCT_NAME = "$(TARGET_NAME)";
				TEST_HOST = "$(BUILT_PRODUCTS_DIR)/StaffManager.app/StaffManager";
			};
			name = Release;
		};
/* End XCBuildConfiguration section */

/* Begin XCConfigurationList section */
		55DC01551B4BF37D00E8E037 /* Build configuration list for PBXProject "StaffManager" */ = {
			isa = XCConfigurationList;
			buildConfigurations = (
				55DC017A1B4BF37D00E8E037 /* Debug */,
				55DC017B1B4BF37D00E8E037 /* Release */,
			);
			defaultConfigurationIsVisible = 0;
			defaultConfigurationName = Release;
		};
		55DC017C1B4BF37D00E8E037 /* Build configuration list for PBXNativeTarget "StaffManager" */ = {
			isa = XCConfigurationList;
			buildConfigurations = (
				55DC017D1B4BF37D00E8E037 /* Debug */,
				55DC017E1B4BF37D00E8E037 /* Release */,
			);
			defaultConfigurationIsVisible = 0;
			defaultConfigurationName = Release;
		};
		55DC017F1B4BF37D00E8E037 /* Build configuration list for PBXNativeTarget "StaffManagerTests" */ = {
			isa = XCConfigurationList;
			buildConfigurations = (
				55DC01801B4BF37D00E8E037 /* Debug */,
				55DC01811B4BF37D00E8E037 /* Release */,
			);
			defaultConfigurationIsVisible = 0;
			defaultConfigurationName = Release;
		};
/* End XCConfigurationList section */

/* Begin XCVersionGroup section */
		55DC01611B4BF37D00E8E037 /* StaffManager.xcdatamodeld */ = {
			isa = XCVersionGroup;
			children = (
				55DC01621B4BF37D00E8E037 /* StaffManager.xcdatamodel */,
			);
			currentVersion = 55DC01621B4BF37D00E8E037 /* StaffManager.xcdatamodel */;
			path = StaffManager.xcdatamodeld;
			sourceTree = "<group>";
			versionGroupType = wrapper.xcdatamodel;
		};
/* End XCVersionGroup section */
	};
	rootObject = 55DC01521B4BF37D00E8E037 /* Project object */;
}
